// !$*UTF8*$!
{
	archiveVersion = 1;
	classes = {
	};
	objectVersion = 77;
	objects = {

/* Begin PBXContainerItemProxy section */
		9AA1DB1D2D84568600D66E24 /* PBXContainerItemProxy */ = {
			isa = PBXContainerItemProxy;
			containerPortal = 9AA1DB032D84568400D66E24 /* Project object */;
			proxyType = 1;
			remoteGlobalIDString = 9AA1DB0A2D84568400D66E24;
			remoteInfo = "Booking-App";
		};
		9AA1DB272D84568600D66E24 /* PBXContainerItemProxy */ = {
			isa = PBXContainerItemProxy;
			containerPortal = 9AA1DB032D84568400D66E24 /* Project object */;
			proxyType = 1;
			remoteGlobalIDString = 9AA1DB0A2D84568400D66E24;
			remoteInfo = "Booking-App";
		};
/* End PBXContainerItemProxy section */

/* Begin PBXFileReference section */
		9AA1DB0B2D84568400D66E24 /* Booking-App.app */ = {isa = PBXFileReference; explicitFileType = wrapper.application; includeInIndex = 0; path = "Booking-App.app"; sourceTree = BUILT_PRODUCTS_DIR; };
		9AA1DB1C2D84568600D66E24 /* Booking-AppTests.xctest */ = {isa = PBXFileReference; explicitFileType = wrapper.cfbundle; includeInIndex = 0; path = "Booking-AppTests.xctest"; sourceTree = BUILT_PRODUCTS_DIR; };
		9AA1DB262D84568600D66E24 /* Booking-AppUITests.xctest */ = {isa = PBXFileReference; explicitFileType = wrapper.cfbundle; includeInIndex = 0; path = "Booking-AppUITests.xctest"; sourceTree = BUILT_PRODUCTS_DIR; };
/* End PBXFileReference section */

/* Begin PBXFileSystemSynchronizedRootGroup section */
		9AA1DB0D2D84568400D66E24 /* Booking-App */ = {
			isa = PBXFileSystemSynchronizedRootGroup;
			path = "Booking-App";
			sourceTree = "<group>";
		};
		9AA1DB1F2D84568600D66E24 /* Booking-AppTests */ = {
			isa = PBXFileSystemSynchronizedRootGroup;
			path = "Booking-AppTests";
			sourceTree = "<group>";
		};
		9AA1DB292D84568600D66E24 /* Booking-AppUITests */ = {
			isa = PBXFileSystemSynchronizedRootGroup;
			path = "Booking-AppUITests";
			sourceTree = "<group>";
		};
/* End PBXFileSystemSynchronizedRootGroup section */

/* Begin PBXFrameworksBuildPhase section */
		9AA1DB082D84568400D66E24 /* Frameworks */ = {
			isa = PBXFrameworksBuildPhase;
			buildActionMask = 2147483647;
			files = (
			);
			runOnlyForDeploymentPostprocessing = 0;
		};
		9AA1DB192D84568600D66E24 /* Frameworks */ = {
			isa = PBXFrameworksBuildPhase;
			buildActionMask = 2147483647;
			files = (
			);
			runOnlyForDeploymentPostprocessing = 0;
		};
		9AA1DB232D84568600D66E24 /* Frameworks */ = {
			isa = PBXFrameworksBuildPhase;
			buildActionMask = 2147483647;
			files = (
			);
			runOnlyForDeploymentPostprocessing = 0;
		};
/* End PBXFrameworksBuildPhase section */

/* Begin PBXGroup section */
		9AA1DB022D84568400D66E24 = {
			isa = PBXGroup;
			children = (
				9AA1DB0D2D84568400D66E24 /* Booking-App */,
				9AA1DB1F2D84568600D66E24 /* Booking-AppTests */,
				9AA1DB292D84568600D66E24 /* Booking-AppUITests */,
				9AA1DB0C2D84568400D66E24 /* Products */,
			);
			sourceTree = "<group>";
		};
		9AA1DB0C2D84568400D66E24 /* Products */ = {
			isa = PBXGroup;
			children = (
				9AA1DB0B2D84568400D66E24 /* Booking-App.app */,
				9AA1DB1C2D84568600D66E24 /* Booking-AppTests.xctest */,
				9AA1DB262D84568600D66E24 /* Booking-AppUITests.xctest */,
			);
			name = Products;
			sourceTree = "<group>";
		};
/* End PBXGroup section */

/* Begin PBXNativeTarget section */
		9AA1DB0A2D84568400D66E24 /* Booking-App */ = {
			isa = PBXNativeTarget;
			buildConfigurationList = 9AA1DB302D84568600D66E24 /* Build configuration list for PBXNativeTarget "Booking-App" */;
			buildPhases = (
				9AA1DB072D84568400D66E24 /* Sources */,
				9AA1DB082D84568400D66E24 /* Frameworks */,
				9AA1DB092D84568400D66E24 /* Resources */,
			);
			buildRules = (
			);
			dependencies = (
			);
			fileSystemSynchronizedGroups = (
				9AA1DB0D2D84568400D66E24 /* Booking-App */,
			);
			name = "Booking-App";
			packageProductDependencies = (
			);
			productName = "Booking-App";
			productReference = 9AA1DB0B2D84568400D66E24 /* Booking-App.app */;
			productType = "com.apple.product-type.application";
		};
		9AA1DB1B2D84568600D66E24 /* Booking-AppTests */ = {
			isa = PBXNativeTarget;
			buildConfigurationList = 9AA1DB332D84568600D66E24 /* Build configuration list for PBXNativeTarget "Booking-AppTests" */;
			buildPhases = (
				9AA1DB182D84568600D66E24 /* Sources */,
				9AA1DB192D84568600D66E24 /* Frameworks */,
				9AA1DB1A2D84568600D66E24 /* Resources */,
			);
			buildRules = (
			);
			dependencies = (
				9AA1DB1E2D84568600D66E24 /* PBXTargetDependency */,
			);
			fileSystemSynchronizedGroups = (
				9AA1DB1F2D84568600D66E24 /* Booking-AppTests */,
			);
			name = "Booking-AppTests";
			packageProductDependencies = (
			);
			productName = "Booking-AppTests";
			productReference = 9AA1DB1C2D84568600D66E24 /* Booking-AppTests.xctest */;
			productType = "com.apple.product-type.bundle.unit-test";
		};
		9AA1DB252D84568600D66E24 /* Booking-AppUITests */ = {
			isa = PBXNativeTarget;
			buildConfigurationList = 9AA1DB362D84568600D66E24 /* Build configuration list for PBXNativeTarget "Booking-AppUITests" */;
			buildPhases = (
				9AA1DB222D84568600D66E24 /* Sources */,
				9AA1DB232D84568600D66E24 /* Frameworks */,
				9AA1DB242D84568600D66E24 /* Resources */,
			);
			buildRules = (
			);
			dependencies = (
				9AA1DB282D84568600D66E24 /* PBXTargetDependency */,
			);
			fileSystemSynchronizedGroups = (
				9AA1DB292D84568600D66E24 /* Booking-AppUITests */,
			);
			name = "Booking-AppUITests";
			packageProductDependencies = (
			);
			productName = "Booking-AppUITests";
			productReference = 9AA1DB262D84568600D66E24 /* Booking-AppUITests.xctest */;
			productType = "com.apple.product-type.bundle.ui-testing";
		};
/* End PBXNativeTarget section */

/* Begin PBXProject section */
		9AA1DB032D84568400D66E24 /* Project object */ = {
			isa = PBXProject;
			attributes = {
				BuildIndependentTargetsInParallel = 1;
				LastSwiftUpdateCheck = 1620;
				LastUpgradeCheck = 1620;
				TargetAttributes = {
					9AA1DB0A2D84568400D66E24 = {
						CreatedOnToolsVersion = 16.2;
					};
					9AA1DB1B2D84568600D66E24 = {
						CreatedOnToolsVersion = 16.2;
						TestTargetID = 9AA1DB0A2D84568400D66E24;
					};
					9AA1DB252D84568600D66E24 = {
						CreatedOnToolsVersion = 16.2;
						TestTargetID = 9AA1DB0A2D84568400D66E24;
					};
				};
			};
			buildConfigurationList = 9AA1DB062D84568400D66E24 /* Build configuration list for PBXProject "Booking-App" */;
			developmentRegion = en;
			hasScannedForEncodings = 0;
			knownRegions = (
				en,
				Base,
			);
			mainGroup = 9AA1DB022D84568400D66E24;
			minimizedProjectReferenceProxies = 1;
			preferredProjectObjectVersion = 77;
			productRefGroup = 9AA1DB0C2D84568400D66E24 /* Products */;
			projectDirPath = "";
			projectRoot = "";
			targets = (
				9AA1DB0A2D84568400D66E24 /* Booking-App */,
				9AA1DB1B2D84568600D66E24 /* Booking-AppTests */,
				9AA1DB252D84568600D66E24 /* Booking-AppUITests */,
			);
		};
/* End PBXProject section */

/* Begin PBXResourcesBuildPhase section */
		9AA1DB092D84568400D66E24 /* Resources */ = {
			isa = PBXResourcesBuildPhase;
			buildActionMask = 2147483647;
			files = (
			);
			runOnlyForDeploymentPostprocessing = 0;
		};
		9AA1DB1A2D84568600D66E24 /* Resources */ = {
			isa = PBXResourcesBuildPhase;
			buildActionMask = 2147483647;
			files = (
			);
			runOnlyForDeploymentPostprocessing = 0;
		};
		9AA1DB242D84568600D66E24 /* Resources */ = {
			isa = PBXResourcesBuildPhase;
			buildActionMask = 2147483647;
			files = (
			);
			runOnlyForDeploymentPostprocessing = 0;
		};
/* End PBXResourcesBuildPhase section */

/* Begin PBXSourcesBuildPhase section */
		9AA1DB072D84568400D66E24 /* Sources */ = {
			isa = PBXSourcesBuildPhase;
			buildActionMask = 2147483647;
			files = (
			);
			runOnlyForDeploymentPostprocessing = 0;
		};
		9AA1DB182D84568600D66E24 /* Sources */ = {
			isa = PBXSourcesBuildPhase;
			buildActionMask = 2147483647;
			files = (
			);
			runOnlyForDeploymentPostprocessing = 0;
		};
		9AA1DB222D84568600D66E24 /* Sources */ = {
			isa = PBXSourcesBuildPhase;
			buildActionMask = 2147483647;
			files = (
			);
			runOnlyForDeploymentPostprocessing = 0;
		};
/* End PBXSourcesBuildPhase section */

/* Begin PBXTargetDependency section */
		9AA1DB1E2D84568600D66E24 /* PBXTargetDependency */ = {
			isa = PBXTargetDependency;
			target = 9AA1DB0A2D84568400D66E24 /* Booking-App */;
			targetProxy = 9AA1DB1D2D84568600D66E24 /* PBXContainerItemProxy */;
		};
		9AA1DB282D84568600D66E24 /* PBXTargetDependency */ = {
			isa = PBXTargetDependency;
			target = 9AA1DB0A2D84568400D66E24 /* Booking-App */;
			targetProxy = 9AA1DB272D84568600D66E24 /* PBXContainerItemProxy */;
		};
/* End PBXTargetDependency section */

/* Begin XCBuildConfiguration section */
		9AA1DB2E2D84568600D66E24 /* Debug */ = {
			isa = XCBuildConfiguration;
			buildSettings = {
				ALWAYS_SEARCH_USER_PATHS = NO;
				ASSETCATALOG_COMPILER_GENERATE_SWIFT_ASSET_SYMBOL_EXTENSIONS = YES;
				CLANG_ANALYZER_NONNULL = YES;
				CLANG_ANALYZER_NUMBER_OBJECT_CONVERSION = YES_AGGRESSIVE;
				CLANG_CXX_LANGUAGE_STANDARD = "gnu++20";
				CLANG_ENABLE_MODULES = YES;
				CLANG_ENABLE_OBJC_ARC = YES;
				CLANG_ENABLE_OBJC_WEAK = YES;
				CLANG_WARN_BLOCK_CAPTURE_AUTORELEASING = YES;
				CLANG_WARN_BOOL_CONVERSION = YES;
				CLANG_WARN_COMMA = YES;
				CLANG_WARN_CONSTANT_CONVERSION = YES;
				CLANG_WARN_DEPRECATED_OBJC_IMPLEMENTATIONS = YES;
				CLANG_WARN_DIRECT_OBJC_ISA_USAGE = YES_ERROR;
				CLANG_WARN_DOCUMENTATION_COMMENTS = YES;
				CLANG_WARN_EMPTY_BODY = YES;
				CLANG_WARN_ENUM_CONVERSION = YES;
				CLANG_WARN_INFINITE_RECURSION = YES;
				CLANG_WARN_INT_CONVERSION = YES;
				CLANG_WARN_NON_LITERAL_NULL_CONVERSION = YES;
				CLANG_WARN_OBJC_IMPLICIT_RETAIN_SELF = YES;
				CLANG_WARN_OBJC_LITERAL_CONVERSION = YES;
				CLANG_WARN_OBJC_ROOT_CLASS = YES_ERROR;
				CLANG_WARN_QUOTED_INCLUDE_IN_FRAMEWORK_HEADER = YES;
				CLANG_WARN_RANGE_LOOP_ANALYSIS = YES;
				CLANG_WARN_STRICT_PROTOTYPES = YES;
				CLANG_WARN_SUSPICIOUS_MOVE = YES;
				CLANG_WARN_UNGUARDED_AVAILABILITY = YES_AGGRESSIVE;
				CLANG_WARN_UNREACHABLE_CODE = YES;
				CLANG_WARN__DUPLICATE_METHOD_MATCH = YES;
				COPY_PHASE_STRIP = NO;
				DEBUG_INFORMATION_FORMAT = dwarf;
				ENABLE_STRICT_OBJC_MSGSEND = YES;
				ENABLE_TESTABILITY = YES;
				ENABLE_USER_SCRIPT_SANDBOXING = YES;
				GCC_C_LANGUAGE_STANDARD = gnu17;
				GCC_DYNAMIC_NO_PIC = NO;
				GCC_NO_COMMON_BLOCKS = YES;
				GCC_OPTIMIZATION_LEVEL = 0;
				GCC_PREPROCESSOR_DEFINITIONS = (
					"DEBUG=1",
					"$(inherited)",
				);
				GCC_WARN_64_TO_32_BIT_CONVERSION = YES;
				GCC_WARN_ABOUT_RETURN_TYPE = YES_ERROR;
				GCC_WARN_UNDECLARED_SELECTOR = YES;
				GCC_WARN_UNINITIALIZED_AUTOS = YES_AGGRESSIVE;
				GCC_WARN_UNUSED_FUNCTION = YES;
				GCC_WARN_UNUSED_VARIABLE = YES;
				LOCALIZATION_PREFERS_STRING_CATALOGS = YES;
				MACOSX_DEPLOYMENT_TARGET = 15.2;
				MTL_ENABLE_DEBUG_INFO = INCLUDE_SOURCE;
				MTL_FAST_MATH = YES;
				ONLY_ACTIVE_ARCH = YES;
				SDKROOT = macosx;
				SWIFT_ACTIVE_COMPILATION_CONDITIONS = "DEBUG $(inherited)";
				SWIFT_OPTIMIZATION_LEVEL = "-Onone";
			};
			name = Debug;
		};
		9AA1DB2F2D84568600D66E24 /* Release */ = {
			isa = XCBuildConfiguration;
			buildSettings = {
				ALWAYS_SEARCH_USER_PATHS = NO;
				ASSETCATALOG_COMPILER_GENERATE_SWIFT_ASSET_SYMBOL_EXTENSIONS = YES;
				CLANG_ANALYZER_NONNULL = YES;
				CLANG_ANALYZER_NUMBER_OBJECT_CONVERSION = YES_AGGRESSIVE;
				CLANG_CXX_LANGUAGE_STANDARD = "gnu++20";
				CLANG_ENABLE_MODULES = YES;
				CLANG_ENABLE_OBJC_ARC = YES;
				CLANG_ENABLE_OBJC_WEAK = YES;
				CLANG_WARN_BLOCK_CAPTURE_AUTORELEASING = YES;
				CLANG_WARN_BOOL_CONVERSION = YES;
				CLANG_WARN_COMMA = YES;
				CLANG_WARN_CONSTANT_CONVERSION = YES;
				CLANG_WARN_DEPRECATED_OBJC_IMPLEMENTATIONS = YES;
				CLANG_WARN_DIRECT_OBJC_ISA_USAGE = YES_ERROR;
				CLANG_WARN_DOCUMENTATION_COMMENTS = YES;
				CLANG_WARN_EMPTY_BODY = YES;
				CLANG_WARN_ENUM_CONVERSION = YES;
				CLANG_WARN_INFINITE_RECURSION = YES;
				CLANG_WARN_INT_CONVERSION = YES;
				CLANG_WARN_NON_LITERAL_NULL_CONVERSION = YES;
				CLANG_WARN_OBJC_IMPLICIT_RETAIN_SELF = YES;
				CLANG_WARN_OBJC_LITERAL_CONVERSION = YES;
				CLANG_WARN_OBJC_ROOT_CLASS = YES_ERROR;
				CLANG_WARN_QUOTED_INCLUDE_IN_FRAMEWORK_HEADER = YES;
				CLANG_WARN_RANGE_LOOP_ANALYSIS = YES;
				CLANG_WARN_STRICT_PROTOTYPES = YES;
				CLANG_WARN_SUSPICIOUS_MOVE = YES;
				CLANG_WARN_UNGUARDED_AVAILABILITY = YES_AGGRESSIVE;
				CLANG_WARN_UNREACHABLE_CODE = YES;
				CLANG_WARN__DUPLICATE_METHOD_MATCH = YES;
				COPY_PHASE_STRIP = NO;
				DEBUG_INFORMATION_FORMAT = "dwarf-with-dsym";
				ENABLE_NS_ASSERTIONS = NO;
				ENABLE_STRICT_OBJC_MSGSEND = YES;
				ENABLE_USER_SCRIPT_SANDBOXING = YES;
				GCC_C_LANGUAGE_STANDARD = gnu17;
				GCC_NO_COMMON_BLOCKS = YES;
				GCC_WARN_64_TO_32_BIT_CONVERSION = YES;
				GCC_WARN_ABOUT_RETURN_TYPE = YES_ERROR;
				GCC_WARN_UNDECLARED_SELECTOR = YES;
				GCC_WARN_UNINITIALIZED_AUTOS = YES_AGGRESSIVE;
				GCC_WARN_UNUSED_FUNCTION = YES;
				GCC_WARN_UNUSED_VARIABLE = YES;
				LOCALIZATION_PREFERS_STRING_CATALOGS = YES;
				MACOSX_DEPLOYMENT_TARGET = 15.2;
				MTL_ENABLE_DEBUG_INFO = NO;
				MTL_FAST_MATH = YES;
				SDKROOT = macosx;
				SWIFT_COMPILATION_MODE = wholemodule;
			};
			name = Release;
		};
		9AA1DB312D84568600D66E24 /* Debug */ = {
			isa = XCBuildConfiguration;
			buildSettings = {
				ASSETCATALOG_COMPILER_APPICON_NAME = AppIcon;
				ASSETCATALOG_COMPILER_GLOBAL_ACCENT_COLOR_NAME = AccentColor;
				CODE_SIGN_ENTITLEMENTS = "Booking-App/Booking_App.entitlements";
				CODE_SIGN_STYLE = Automatic;
				COMBINE_HIDPI_IMAGES = YES;
				CURRENT_PROJECT_VERSION = 1;
				DEVELOPMENT_ASSET_PATHS = "\"Booking-App/Preview Content\"";
				DEVELOPMENT_TEAM = 8NF8S3Q2H2;
				ENABLE_HARDENED_RUNTIME = YES;
				ENABLE_PREVIEWS = YES;
				GENERATE_INFOPLIST_FILE = YES;
				INFOPLIST_KEY_NSHumanReadableCopyright = "";
				LD_RUNPATH_SEARCH_PATHS = (
					"$(inherited)",
					"@executable_path/../Frameworks",
				);
				MARKETING_VERSION = 1.0;
				PRODUCT_BUNDLE_IDENTIFIER = "Alex.Booking-App";
				PRODUCT_NAME = "$(TARGET_NAME)";
				SWIFT_EMIT_LOC_STRINGS = YES;
				SWIFT_VERSION = 5.0;
			};
			name = Debug;
		};
		9AA1DB322D84568600D66E24 /* Release */ = {
			isa = XCBuildConfiguration;
			buildSettings = {
				ASSETCATALOG_COMPILER_APPICON_NAME = AppIcon;
				ASSETCATALOG_COMPILER_GLOBAL_ACCENT_COLOR_NAME = AccentColor;
				CODE_SIGN_ENTITLEMENTS = "Booking-App/Booking_App.entitlements";
				CODE_SIGN_STYLE = Automatic;
				COMBINE_HIDPI_IMAGES = YES;
				CURRENT_PROJECT_VERSION = 1;
				DEVELOPMENT_ASSET_PATHS = "\"Booking-App/Preview Content\"";
				DEVELOPMENT_TEAM = 8NF8S3Q2H2;
				ENABLE_HARDENED_RUNTIME = YES;
				ENABLE_PREVIEWS = YES;
				GENERATE_INFOPLIST_FILE = YES;
				INFOPLIST_KEY_NSHumanReadableCopyright = "";
				LD_RUNPATH_SEARCH_PATHS = (
					"$(inherited)",
					"@executable_path/../Frameworks",
				);
				MARKETING_VERSION = 1.0;
				PRODUCT_BUNDLE_IDENTIFIER = "Alex.Booking-App";
				PRODUCT_NAME = "$(TARGET_NAME)";
				SWIFT_EMIT_LOC_STRINGS = YES;
				SWIFT_VERSION = 5.0;
			};
			name = Release;
		};
		9AA1DB342D84568600D66E24 /* Debug */ = {
			isa = XCBuildConfiguration;
			buildSettings = {
				BUNDLE_LOADER = "$(TEST_HOST)";
				CODE_SIGN_STYLE = Automatic;
				CURRENT_PROJECT_VERSION = 1;
				DEVELOPMENT_TEAM = 8NF8S3Q2H2;
				GENERATE_INFOPLIST_FILE = YES;
				MACOSX_DEPLOYMENT_TARGET = 15.2;
				MARKETING_VERSION = 1.0;
				PRODUCT_BUNDLE_IDENTIFIER = "Alex.Booking-AppTests";
				PRODUCT_NAME = "$(TARGET_NAME)";
				SWIFT_EMIT_LOC_STRINGS = NO;
				SWIFT_VERSION = 5.0;
				TEST_HOST = "$(BUILT_PRODUCTS_DIR)/Booking-App.app/$(BUNDLE_EXECUTABLE_FOLDER_PATH)/Booking-App";
			};
			name = Debug;
		};
		9AA1DB352D84568600D66E24 /* Release */ = {
			isa = XCBuildConfiguration;
			buildSettings = {
				BUNDLE_LOADER = "$(TEST_HOST)";
				CODE_SIGN_STYLE = Automatic;
				CURRENT_PROJECT_VERSION = 1;
				DEVELOPMENT_TEAM = 8NF8S3Q2H2;
				GENERATE_INFOPLIST_FILE = YES;
				MACOSX_DEPLOYMENT_TARGET = 15.2;
				MARKETING_VERSION = 1.0;
				PRODUCT_BUNDLE_IDENTIFIER = "Alex.Booking-AppTests";
				PRODUCT_NAME = "$(TARGET_NAME)";
				SWIFT_EMIT_LOC_STRINGS = NO;
				SWIFT_VERSION = 5.0;
				TEST_HOST = "$(BUILT_PRODUCTS_DIR)/Booking-App.app/$(BUNDLE_EXECUTABLE_FOLDER_PATH)/Booking-App";
			};
			name = Release;
		};
		9AA1DB372D84568600D66E24 /* Debug */ = {
			isa = XCBuildConfiguration;
			buildSettings = {
				CODE_SIGN_STYLE = Automatic;
				CURRENT_PROJECT_VERSION = 1;
				DEVELOPMENT_TEAM = 8NF8S3Q2H2;
				GENERATE_INFOPLIST_FILE = YES;
				MARKETING_VERSION = 1.0;
				PRODUCT_BUNDLE_IDENTIFIER = "Alex.Booking-AppUITests";
				PRODUCT_NAME = "$(TARGET_NAME)";
				SWIFT_EMIT_LOC_STRINGS = NO;
				SWIFT_VERSION = 5.0;
				TEST_TARGET_NAME = "Booking-App";
			};
			name = Debug;
		};
		9AA1DB382D84568600D66E24 /* Release */ = {
			isa = XCBuildConfiguration;
			buildSettings = {
				CODE_SIGN_STYLE = Automatic;
				CURRENT_PROJECT_VERSION = 1;
				DEVELOPMENT_TEAM = 8NF8S3Q2H2;
				GENERATE_INFOPLIST_FILE = YES;
				MARKETING_VERSION = 1.0;
				PRODUCT_BUNDLE_IDENTIFIER = "Alex.Booking-AppUITests";
				PRODUCT_NAME = "$(TARGET_NAME)";
				SWIFT_EMIT_LOC_STRINGS = NO;
				SWIFT_VERSION = 5.0;
				TEST_TARGET_NAME = "Booking-App";
			};
			name = Release;
		};
/* End XCBuildConfiguration section */

/* Begin XCConfigurationList section */
		9AA1DB062D84568400D66E24 /* Build configuration list for PBXProject "Booking-App" */ = {
			isa = XCConfigurationList;
			buildConfigurations = (
				9AA1DB2E2D84568600D66E24 /* Debug */,
				9AA1DB2F2D84568600D66E24 /* Release */,
			);
			defaultConfigurationIsVisible = 0;
			defaultConfigurationName = Release;
		};
		9AA1DB302D84568600D66E24 /* Build configuration list for PBXNativeTarget "Booking-App" */ = {
			isa = XCConfigurationList;
			buildConfigurations = (
				9AA1DB312D84568600D66E24 /* Debug */,
				9AA1DB322D84568600D66E24 /* Release */,
			);
			defaultConfigurationIsVisible = 0;
			defaultConfigurationName = Release;
		};
		9AA1DB332D84568600D66E24 /* Build configuration list for PBXNativeTarget "Booking-AppTests" */ = {
			isa = XCConfigurationList;
			buildConfigurations = (
				9AA1DB342D84568600D66E24 /* Debug */,
				9AA1DB352D84568600D66E24 /* Release */,
			);
			defaultConfigurationIsVisible = 0;
			defaultConfigurationName = Release;
		};
		9AA1DB362D84568600D66E24 /* Build configuration list for PBXNativeTarget "Booking-AppUITests" */ = {
			isa = XCConfigurationList;
			buildConfigurations = (
				9AA1DB372D84568600D66E24 /* Debug */,
				9AA1DB382D84568600D66E24 /* Release */,
			);
			defaultConfigurationIsVisible = 0;
			defaultConfigurationName = Release;
		};
/* End XCConfigurationList section */
	};
	rootObject = 9AA1DB032D84568400D66E24 /* Project object */;
}
